// !$*UTF8*$!
{
	archiveVersion = 1;
	classes = {
	};
	objectVersion = 46;
	objects = {

/* Begin PBXBuildFile section */
		C7A2DA0C1B45BD540077D000 /* main.swift in Sources */ = {isa = PBXBuildFile; fileRef = C7A2DA0B1B45BD540077D000 /* main.swift */; };
		C7CB84561B46E67100AAF709 /* streamReader.swift in Sources */ = {isa = PBXBuildFile; fileRef = C7CB84551B46E67100AAF709 /* streamReader.swift */; };
/* End PBXBuildFile section */

/* Begin PBXCopyFilesBuildPhase section */
		C7A2DA061B45BD540077D000 /* CopyFiles */ = {
			isa = PBXCopyFilesBuildPhase;
			buildActionMask = 2147483647;
			dstPath = /usr/share/man/man1/;
			dstSubfolderSpec = 0;
			files = (
			);
			runOnlyForDeploymentPostprocessing = 1;
		};
/* End PBXCopyFilesBuildPhase section */

/* Begin PBXFileReference section */
		C7A2DA081B45BD540077D000 /* VizingShannon */ = {isa = PBXFileReference; explicitFileType = "compiled.mach-o.executable"; includeInIndex = 0; path = VizingShannon; sourceTree = BUILT_PRODUCTS_DIR; };
		C7A2DA0B1B45BD540077D000 /* main.swift */ = {isa = PBXFileReference; lastKnownFileType = sourcecode.swift; path = main.swift; sourceTree = "<group>"; };
		C7CB84551B46E67100AAF709 /* streamReader.swift */ = {isa = PBXFileReference; fileEncoding = 4; lastKnownFileType = sourcecode.swift; name = streamReader.swift; path = VizingShannon/streamReader.swift; sourceTree = "<group>"; };
/* End PBXFileReference section */

/* Begin PBXFrameworksBuildPhase section */
		C7A2DA051B45BD540077D000 /* Frameworks */ = {
			isa = PBXFrameworksBuildPhase;
			buildActionMask = 2147483647;
			files = (
			);
			runOnlyForDeploymentPostprocessing = 0;
		};
/* End PBXFrameworksBuildPhase section */

/* Begin PBXGroup section */
		C7A2D9FF1B45BD540077D000 = {
			isa = PBXGroup;
			children = (
				C7CB84551B46E67100AAF709 /* streamReader.swift */,
				C7A2DA0A1B45BD540077D000 /* VizingShannon */,
				C7A2DA091B45BD540077D000 /* Products */,
			);
			sourceTree = "<group>";
		};
		C7A2DA091B45BD540077D000 /* Products */ = {
			isa = PBXGroup;
			children = (
				C7A2DA081B45BD540077D000 /* VizingShannon */,
			);
			name = Products;
			sourceTree = "<group>";
		};
		C7A2DA0A1B45BD540077D000 /* VizingShannon */ = {
			isa = PBXGroup;
			children = (
				C7A2DA0B1B45BD540077D000 /* main.swift */,
			);
			path = VizingShannon;
			sourceTree = "<group>";
		};
/* End PBXGroup section */

/* Begin PBXNativeTarget section */
		C7A2DA071B45BD540077D000 /* VizingShannon */ = {
			isa = PBXNativeTarget;
			buildConfigurationList = C7A2DA0F1B45BD540077D000 /* Build configuration list for PBXNativeTarget "VizingShannon" */;
			buildPhases = (
				C7A2DA041B45BD540077D000 /* Sources */,
				C7A2DA051B45BD540077D000 /* Frameworks */,
				C7A2DA061B45BD540077D000 /* CopyFiles */,
			);
			buildRules = (
			);
			dependencies = (
			);
			name = VizingShannon;
			productName = VizingShannon;
			productReference = C7A2DA081B45BD540077D000 /* VizingShannon */;
			productType = "com.apple.product-type.tool";
		};
/* End PBXNativeTarget section */

/* Begin PBXProject section */
		C7A2DA001B45BD540077D000 /* Project object */ = {
			isa = PBXProject;
			attributes = {
				LastUpgradeCheck = 0630;
				ORGANIZATIONNAME = "Saul Spatz";
				TargetAttributes = {
					C7A2DA071B45BD540077D000 = {
						CreatedOnToolsVersion = 6.3.2;
					};
				};
			};
			buildConfigurationList = C7A2DA031B45BD540077D000 /* Build configuration list for PBXProject "VizingShannon" */;
			compatibilityVersion = "Xcode 3.2";
			developmentRegion = English;
			hasScannedForEncodings = 0;
			knownRegions = (
				en,
			);
			mainGroup = C7A2D9FF1B45BD540077D000;
			productRefGroup = C7A2DA091B45BD540077D000 /* Products */;
			projectDirPath = "";
			projectRoot = "";
			targets = (
				C7A2DA071B45BD540077D000 /* VizingShannon */,
			);
		};
/* End PBXProject section */

/* Begin PBXSourcesBuildPhase section */
		C7A2DA041B45BD540077D000 /* Sources */ = {
			isa = PBXSourcesBuildPhase;
			buildActionMask = 2147483647;
			files = (
				C7CB84561B46E67100AAF709 /* streamReader.swift in Sources */,
				C7A2DA0C1B45BD540077D000 /* main.swift in Sources */,
			);
			runOnlyForDeploymentPostprocessing = 0;
		};
/* End PBXSourcesBuildPhase section */

/* Begin XCBuildConfiguration section */
		C7A2DA0D1B45BD540077D000 /* Debug */ = {
			isa = XCBuildConfiguration;
			buildSettings = {
				ALWAYS_SEARCH_USER_PATHS = NO;
				CLANG_CXX_LANGUAGE_STANDARD = "gnu++0x";
				CLANG_CXX_LIBRARY = "libc++";
				CLANG_ENABLE_MODULES = YES;
				CLANG_ENABLE_OBJC_ARC = YES;
				CLANG_WARN_BOOL_CONVERSION = YES;
				CLANG_WARN_CONSTANT_CONVERSION = YES;
				CLANG_WARN_DIRECT_OBJC_ISA_USAGE = YES_ERROR;
				CLANG_WARN_EMPTY_BODY = YES;
				CLANG_WARN_ENUM_CONVERSION = YES;
				CLANG_WARN_INT_CONVERSION = YES;
				CLANG_WARN_OBJC_ROOT_CLASS = YES_ERROR;
				CLANG_WARN_UNREACHABLE_CODE = YES;
				CLANG_WARN__DUPLICATE_METHOD_MATCH = YES;
				COPY_PHASE_STRIP = NO;
				DEBUG_INFORMATION_FORMAT = dwarf;
				ENABLE_STRICT_OBJC_MSGSEND = YES;
				GCC_C_LANGUAGE_STANDARD = gnu99;
				GCC_DYNAMIC_NO_PIC = NO;
				GCC_NO_COMMON_BLOCKS = YES;
				GCC_OPTIMIZATION_LEVEL = 0;
				GCC_PREPROCESSOR_DEFINITIONS = (
					"DEBUG=1",
					"$(inherited)",
				);
				GCC_SYMBOLS_PRIVATE_EXTERN = NO;
				GCC_WARN_64_TO_32_BIT_CONVERSION = YES;
				GCC_WARN_ABOUT_RETURN_TYPE = YES_ERROR;
				GCC_WARN_UNDECLARED_SELECTOR = YES;
				GCC_WARN_UNINITIALIZED_AUTOS = YES_AGGRESSIVE;
				GCC_WARN_UNUSED_FUNCTION = YES;
				GCC_WARN_UNUSED_VARIABLE = YES;
				MACOSX_DEPLOYMENT_TARGET = 10.10;
				MTL_ENABLE_DEBUG_INFO = YES;
				ONLY_ACTIVE_ARCH = YES;
				SDKROOT = macosx;
				SWIFT_OPTIMIZATION_LEVEL = "-Onone";
			};
			name = Debug;
		};
		C7A2DA0E1B45BD540077D000 /* Release */ = {
			isa = XCBuildConfiguration;
			buildSettings = {
				ALWAYS_SEARCH_USER_PATHS = NO;
				CLANG_CXX_LANGUAGE_STANDARD = "gnu++0x";
				CLANG_CXX_LIBRARY = "libc++";
				CLANG_ENABLE_MODULES = YES;
				CLANG_ENABLE_OBJC_ARC = YES;
				CLANG_WARN_BOOL_CONVERSION = YES;
				CLANG_WARN_CONSTANT_CONVERSION = YES;
				CLANG_WARN_DIRECT_OBJC_ISA_USAGE = YES_ERROR;
				CLANG_WARN_EMPTY_BODY = YES;
				CLANG_WARN_ENUM_CONVERSION = YES;
				CLANG_WARN_INT_CONVERSION = YES;
				CLANG_WARN_OBJC_ROOT_CLASS = YES_ERROR;
				CLANG_WARN_UNREACHABLE_CODE = YES;
				CLANG_WARN__DUPLICATE_METHOD_MATCH = YES;
				COPY_PHASE_STRIP = NO;
				DEBUG_INFORMATION_FORMAT = "dwarf-with-dsym";
				ENABLE_NS_ASSERTIONS = NO;
				ENABLE_STRICT_OBJC_MSGSEND = YES;
				GCC_C_LANGUAGE_STANDARD = gnu99;
				GCC_NO_COMMON_BLOCKS = YES;
				GCC_WARN_64_TO_32_BIT_CONVERSION = YES;
				GCC_WARN_ABOUT_RETURN_TYPE = YES_ERROR;
				GCC_WARN_UNDECLARED_SELECTOR = YES;
				GCC_WARN_UNINITIALIZED_AUTOS = YES_AGGRESSIVE;
				GCC_WARN_UNUSED_FUNCTION = YES;
				GCC_WARN_UNUSED_VARIABLE = YES;
				MACOSX_DEPLOYMENT_TARGET = 10.10;
				MTL_ENABLE_DEBUG_INFO = NO;
				SDKROOT = macosx;
			};
			name = Release;
		};
		C7A2DA101B45BD540077D000 /* Debug */ = {
			isa = XCBuildConfiguration;
			buildSettings = {
				INSTALL_PATH = /Users/Saul/Projects/SwiftProjects/VizingShannon;
				PRODUCT_NAME = "$(TARGET_NAME)";
			};
			name = Debug;
		};
		C7A2DA111B45BD540077D000 /* Release */ = {
			isa = XCBuildConfiguration;
			buildSettings = {
				INSTALL_PATH = /Users/Saul/Projects/SwiftProjects/VizingShannon;
				PRODUCT_NAME = "$(TARGET_NAME)";
			};
			name = Release;
		};
/* End XCBuildConfiguration section */

/* Begin XCConfigurationList section */
		C7A2DA031B45BD540077D000 /* Build configuration list for PBXProject "VizingShannon" */ = {
			isa = XCConfigurationList;
			buildConfigurations = (
				C7A2DA0D1B45BD540077D000 /* Debug */,
				C7A2DA0E1B45BD540077D000 /* Release */,
			);
			defaultConfigurationIsVisible = 0;
			defaultConfigurationName = Release;
		};
		C7A2DA0F1B45BD540077D000 /* Build configuration list for PBXNativeTarget "VizingShannon" */ = {
			isa = XCConfigurationList;
			buildConfigurations = (
				C7A2DA101B45BD540077D000 /* Debug */,
				C7A2DA111B45BD540077D000 /* Release */,
			);
			defaultConfigurationIsVisible = 0;
			defaultConfigurationName = Release;
		};
/* End XCConfigurationList section */
	};
	rootObject = C7A2DA001B45BD540077D000 /* Project object */;
}
